
Microsoft Visual Studio Solution File, Format Version 12.00
# Visual Studio 15
VisualStudioVersion = 15.0.27703.2026
MinimumVisualStudioVersion = 10.0.40219.1
Project("{FAE04EC0-301F-11D3-BF4B-00C04F79EFBC}") = "TestSplitStrinh", "TestSplitStrinh\TestSplitStrinh.csproj", "{FFBCD5A6-D2EC-481C-B7B4-3FC34A5D0299}"
EndProject
Global
	GlobalSection(SolutionConfigurationPlatforms) = preSolution
		Debug|Any CPU = Debug|Any CPU
		Release|Any CPU = Release|Any CPU
	EndGlobalSection
	GlobalSection(ProjectConfigurationPlatforms) = postSolution
		{FFBCD5A6-D2EC-481C-B7B4-3FC34A5D0299}.Debug|Any CPU.ActiveCfg = Debug|Any CPU
		{FFBCD5A6-D2EC-481C-B7B4-3FC34A5D0299}.Debug|Any CPU.Build.0 = Debug|Any CPU
		{FFBCD5A6-D2EC-481C-B7B4-3FC34A5D0299}.Release|Any CPU.ActiveCfg = Release|Any CPU
		{FFBCD5A6-D2EC-481C-B7B4-3FC34A5D0299}.Release|Any CPU.Build.0 = Release|Any CPU
	EndGlobalSection
	GlobalSection(SolutionProperties) = preSolution
		HideSolutionNode = FALSE
	EndGlobalSection
	GlobalSection(ExtensibilityGlobals) = postSolution
		SolutionGuid = {8843F6FE-BE4D-448C-B525-C0F8568DFCA3}
	EndGlobalSection
EndGlobal
